
Microsoft Visual Studio Solution File, Format Version 12.00
# Visual Studio Version 17
VisualStudioVersion = 17.5.33530.505
MinimumVisualStudioVersion = 10.0.40219.1
Project("{FAE04EC0-301F-11D3-BF4B-00C04F79EFBC}") = "Project1", "Project1.csproj", "{74493B7F-5843-4CCD-8B01-B87019EE166F}"
EndProject
Global
	GlobalSection(SolutionConfigurationPlatforms) = preSolution
		Debug|Any CPU = Debug|Any CPU
		Release|Any CPU = Release|Any CPU
	EndGlobalSection
	GlobalSection(ProjectConfigurationPlatforms) = postSolution
		{74493B7F-5843-4CCD-8B01-B87019EE166F}.Debug|Any CPU.ActiveCfg = Debug|Any CPU
		{74493B7F-5843-4CCD-8B01-B87019EE166F}.Debug|Any CPU.Build.0 = Debug|Any CPU
		{74493B7F-5843-4CCD-8B01-B87019EE166F}.Release|Any CPU.ActiveCfg = Release|Any CPU
		{74493B7F-5843-4CCD-8B01-B87019EE166F}.Release|Any CPU.Build.0 = Release|Any CPU
	EndGlobalSection
	GlobalSection(SolutionProperties) = preSolution
		HideSolutionNode = FALSE
	EndGlobalSection
	GlobalSection(ExtensibilityGlobals) = postSolution
		SolutionGuid = {FAEDF066-E300-4B4A-AB5F-AB4171877C94}
	EndGlobalSection
EndGlobal
